// !$*UTF8*$!
{
	archiveVersion = 1;
	classes = {
	};
	objectVersion = 48;
	objects = {

/* Begin PBXBuildFile section */
		CDFCF3EC1FE4814000E53179 /* AppDelegate.swift in Sources */ = {isa = PBXBuildFile; fileRef = CDFCF3EB1FE4814000E53179 /* AppDelegate.swift */; };
		CDFCF3EE1FE4814000E53179 /* ViewController.swift in Sources */ = {isa = PBXBuildFile; fileRef = CDFCF3ED1FE4814000E53179 /* ViewController.swift */; };
		CDFCF3F11FE4814000E53179 /* Main.storyboard in Resources */ = {isa = PBXBuildFile; fileRef = CDFCF3EF1FE4814000E53179 /* Main.storyboard */; };
		CDFCF3F31FE4814000E53179 /* Assets.xcassets in Resources */ = {isa = PBXBuildFile; fileRef = CDFCF3F21FE4814000E53179 /* Assets.xcassets */; };
		CDFCF3F61FE4814000E53179 /* LaunchScreen.storyboard in Resources */ = {isa = PBXBuildFile; fileRef = CDFCF3F41FE4814000E53179 /* LaunchScreen.storyboard */; };
		CDFCF3FE1FE481D400E53179 /* Inceptionv3.mlmodel in Sources */ = {isa = PBXBuildFile; fileRef = CDFCF3FD1FE481D400E53179 /* Inceptionv3.mlmodel */; };
/* End PBXBuildFile section */

/* Begin PBXFileReference section */
		CDFCF3E81FE4814000E53179 /* DetectFood.app */ = {isa = PBXFileReference; explicitFileType = wrapper.application; includeInIndex = 0; path = DetectFood.app; sourceTree = BUILT_PRODUCTS_DIR; };
		CDFCF3EB1FE4814000E53179 /* AppDelegate.swift */ = {isa = PBXFileReference; lastKnownFileType = sourcecode.swift; path = AppDelegate.swift; sourceTree = "<group>"; };
		CDFCF3ED1FE4814000E53179 /* ViewController.swift */ = {isa = PBXFileReference; lastKnownFileType = sourcecode.swift; path = ViewController.swift; sourceTree = "<group>"; };
		CDFCF3F01FE4814000E53179 /* Base */ = {isa = PBXFileReference; lastKnownFileType = file.storyboard; name = Base; path = Base.lproj/Main.storyboard; sourceTree = "<group>"; };
		CDFCF3F21FE4814000E53179 /* Assets.xcassets */ = {isa = PBXFileReference; lastKnownFileType = folder.assetcatalog; path = Assets.xcassets; sourceTree = "<group>"; };
		CDFCF3F51FE4814000E53179 /* Base */ = {isa = PBXFileReference; lastKnownFileType = file.storyboard; name = Base; path = Base.lproj/LaunchScreen.storyboard; sourceTree = "<group>"; };
		CDFCF3F71FE4814000E53179 /* Info.plist */ = {isa = PBXFileReference; lastKnownFileType = text.plist.xml; path = Info.plist; sourceTree = "<group>"; };
		CDFCF3FD1FE481D400E53179 /* Inceptionv3.mlmodel */ = {isa = PBXFileReference; lastKnownFileType = file.mlmodel; path = Inceptionv3.mlmodel; sourceTree = "<group>"; };
/* End PBXFileReference section */

/* Begin PBXFrameworksBuildPhase section */
		CDFCF3E51FE4814000E53179 /* Frameworks */ = {
			isa = PBXFrameworksBuildPhase;
			buildActionMask = 2147483647;
			files = (
			);
			runOnlyForDeploymentPostprocessing = 0;
		};
/* End PBXFrameworksBuildPhase section */

/* Begin PBXGroup section */
		CDFCF3DF1FE4813F00E53179 = {
			isa = PBXGroup;
			children = (
				CDFCF3EA1FE4814000E53179 /* DetectFood */,
				CDFCF3E91FE4814000E53179 /* Products */,
			);
			sourceTree = "<group>";
		};
		CDFCF3E91FE4814000E53179 /* Products */ = {
			isa = PBXGroup;
			children = (
				CDFCF3E81FE4814000E53179 /* DetectFood.app */,
			);
			name = Products;
			sourceTree = "<group>";
		};
		CDFCF3EA1FE4814000E53179 /* DetectFood */ = {
			isa = PBXGroup;
			children = (
				CDFCF3EB1FE4814000E53179 /* AppDelegate.swift */,
				CDFCF3ED1FE4814000E53179 /* ViewController.swift */,
				CDFCF3EF1FE4814000E53179 /* Main.storyboard */,
				CDFCF3F21FE4814000E53179 /* Assets.xcassets */,
				CDFCF3F41FE4814000E53179 /* LaunchScreen.storyboard */,
				CDFCF3F71FE4814000E53179 /* Info.plist */,
				CDFCF3FD1FE481D400E53179 /* Inceptionv3.mlmodel */,
			);
			path = DetectFood;
			sourceTree = "<group>";
		};
/* End PBXGroup section */

/* Begin PBXNativeTarget section */
		CDFCF3E71FE4814000E53179 /* DetectFood */ = {
			isa = PBXNativeTarget;
			buildConfigurationList = CDFCF3FA1FE4814000E53179 /* Build configuration list for PBXNativeTarget "DetectFood" */;
			buildPhases = (
				CDFCF3E41FE4814000E53179 /* Sources */,
				CDFCF3E51FE4814000E53179 /* Frameworks */,
				CDFCF3E61FE4814000E53179 /* Resources */,
			);
			buildRules = (
			);
			dependencies = (
			);
			name = DetectFood;
			productName = DetectFood;
			productReference = CDFCF3E81FE4814000E53179 /* DetectFood.app */;
			productType = "com.apple.product-type.application";
		};
/* End PBXNativeTarget section */

/* Begin PBXProject section */
		CDFCF3E01FE4813F00E53179 /* Project object */ = {
			isa = PBXProject;
			attributes = {
				LastSwiftUpdateCheck = 0910;
				LastUpgradeCheck = 0910;
				ORGANIZATIONNAME = "Javier Calderon";
				TargetAttributes = {
					CDFCF3E71FE4814000E53179 = {
						CreatedOnToolsVersion = 9.1;
						ProvisioningStyle = Automatic;
					};
				};
			};
			buildConfigurationList = CDFCF3E31FE4813F00E53179 /* Build configuration list for PBXProject "DetectFood" */;
			compatibilityVersion = "Xcode 8.0";
			developmentRegion = en;
			hasScannedForEncodings = 0;
			knownRegions = (
				en,
				Base,
			);
			mainGroup = CDFCF3DF1FE4813F00E53179;
			productRefGroup = CDFCF3E91FE4814000E53179 /* Products */;
			projectDirPath = "";
			projectRoot = "";
			targets = (
				CDFCF3E71FE4814000E53179 /* DetectFood */,
			);
		};
/* End PBXProject section */

/* Begin PBXResourcesBuildPhase section */
		CDFCF3E61FE4814000E53179 /* Resources */ = {
			isa = PBXResourcesBuildPhase;
			buildActionMask = 2147483647;
			files = (
				CDFCF3F61FE4814000E53179 /* LaunchScreen.storyboard in Resources */,
				CDFCF3F31FE4814000E53179 /* Assets.xcassets in Resources */,
				CDFCF3F11FE4814000E53179 /* Main.storyboard in Resources */,
			);
			runOnlyForDeploymentPostprocessing = 0;
		};
/* End PBXResourcesBuildPhase section */

/* Begin PBXSourcesBuildPhase section */
		CDFCF3E41FE4814000E53179 /* Sources */ = {
			isa = PBXSourcesBuildPhase;
			buildActionMask = 2147483647;
			files = (
				CDFCF3EE1FE4814000E53179 /* ViewController.swift in Sources */,
				CDFCF3FE1FE481D400E53179 /* Inceptionv3.mlmodel in Sources */,
				CDFCF3EC1FE4814000E53179 /* AppDelegate.swift in Sources */,
			);
			runOnlyForDeploymentPostprocessing = 0;
		};
/* End PBXSourcesBuildPhase section */

/* Begin PBXVariantGroup section */
		CDFCF3EF1FE4814000E53179 /* Main.storyboard */ = {
			isa = PBXVariantGroup;
			children = (
				CDFCF3F01FE4814000E53179 /* Base */,
			);
			name = Main.storyboard;
			sourceTree = "<group>";
		};
		CDFCF3F41FE4814000E53179 /* LaunchScreen.storyboard */ = {
			isa = PBXVariantGroup;
			children = (
				CDFCF3F51FE4814000E53179 /* Base */,
			);
			name = LaunchScreen.storyboard;
			sourceTree = "<group>";
		};
/* End PBXVariantGroup section */

/* Begin XCBuildConfiguration section */
		CDFCF3F81FE4814000E53179 /* Debug */ = {
			isa = XCBuildConfiguration;
			buildSettings = {
				ALWAYS_SEARCH_USER_PATHS = NO;
				CLANG_ANALYZER_NONNULL = YES;
				CLANG_ANALYZER_NUMBER_OBJECT_CONVERSION = YES_AGGRESSIVE;
				CLANG_CXX_LANGUAGE_STANDARD = "gnu++14";
				CLANG_CXX_LIBRARY = "libc++";
				CLANG_ENABLE_MODULES = YES;
				CLANG_ENABLE_OBJC_ARC = YES;
				CLANG_WARN_BLOCK_CAPTURE_AUTORELEASING = YES;
				CLANG_WARN_BOOL_CONVERSION = YES;
				CLANG_WARN_COMMA = YES;
				CLANG_WARN_CONSTANT_CONVERSION = YES;
				CLANG_WARN_DIRECT_OBJC_ISA_USAGE = YES_ERROR;
				CLANG_WARN_DOCUMENTATION_COMMENTS = YES;
				CLANG_WARN_EMPTY_BODY = YES;
				CLANG_WARN_ENUM_CONVERSION = YES;
				CLANG_WARN_INFINITE_RECURSION = YES;
				CLANG_WARN_INT_CONVERSION = YES;
				CLANG_WARN_NON_LITERAL_NULL_CONVERSION = YES;
				CLANG_WARN_OBJC_LITERAL_CONVERSION = YES;
				CLANG_WARN_OBJC_ROOT_CLASS = YES_ERROR;
				CLANG_WARN_RANGE_LOOP_ANALYSIS = YES;
				CLANG_WARN_STRICT_PROTOTYPES = YES;
				CLANG_WARN_SUSPICIOUS_MOVE = YES;
				CLANG_WARN_UNGUARDED_AVAILABILITY = YES_AGGRESSIVE;
				CLANG_WARN_UNREACHABLE_CODE = YES;
				CLANG_WARN__DUPLICATE_METHOD_MATCH = YES;
				CODE_SIGN_IDENTITY = "iPhone Developer";
				COPY_PHASE_STRIP = NO;
				DEBUG_INFORMATION_FORMAT = dwarf;
				ENABLE_STRICT_OBJC_MSGSEND = YES;
				ENABLE_TESTABILITY = YES;
				GCC_C_LANGUAGE_STANDARD = gnu11;
				GCC_DYNAMIC_NO_PIC = NO;
				GCC_NO_COMMON_BLOCKS = YES;
				GCC_OPTIMIZATION_LEVEL = 0;
				GCC_PREPROCESSOR_DEFINITIONS = (
					"DEBUG=1",
					"$(inherited)",
				);
				GCC_WARN_64_TO_32_BIT_CONVERSION = YES;
				GCC_WARN_ABOUT_RETURN_TYPE = YES_ERROR;
				GCC_WARN_UNDECLARED_SELECTOR = YES;
				GCC_WARN_UNINITIALIZED_AUTOS = YES_AGGRESSIVE;
				GCC_WARN_UNUSED_FUNCTION = YES;
				GCC_WARN_UNUSED_VARIABLE = YES;
				IPHONEOS_DEPLOYMENT_TARGET = 11.1;
				MTL_ENABLE_DEBUG_INFO = YES;
				ONLY_ACTIVE_ARCH = YES;
				SDKROOT = iphoneos;
				SWIFT_ACTIVE_COMPILATION_CONDITIONS = DEBUG;
				SWIFT_OPTIMIZATION_LEVEL = "-Onone";
			};
			name = Debug;
		};
		CDFCF3F91FE4814000E53179 /* Release */ = {
			isa = XCBuildConfiguration;
			buildSettings = {
				ALWAYS_SEARCH_USER_PATHS = NO;
				CLANG_ANALYZER_NONNULL = YES;
				CLANG_ANALYZER_NUMBER_OBJECT_CONVERSION = YES_AGGRESSIVE;
				CLANG_CXX_LANGUAGE_STANDARD = "gnu++14";
				CLANG_CXX_LIBRARY = "libc++";
				CLANG_ENABLE_MODULES = YES;
				CLANG_ENABLE_OBJC_ARC = YES;
				CLANG_WARN_BLOCK_CAPTURE_AUTORELEASING = YES;
				CLANG_WARN_BOOL_CONVERSION = YES;
				CLANG_WARN_COMMA = YES;
				CLANG_WARN_CONSTANT_CONVERSION = YES;
				CLANG_WARN_DIRECT_OBJC_ISA_USAGE = YES_ERROR;
				CLANG_WARN_DOCUMENTATION_COMMENTS = YES;
				CLANG_WARN_EMPTY_BODY = YES;
				CLANG_WARN_ENUM_CONVERSION = YES;
				CLANG_WARN_INFINITE_RECURSION = YES;
				CLANG_WARN_INT_CONVERSION = YES;
				CLANG_WARN_NON_LITERAL_NULL_CONVERSION = YES;
				CLANG_WARN_OBJC_LITERAL_CONVERSION = YES;
				CLANG_WARN_OBJC_ROOT_CLASS = YES_ERROR;
				CLANG_WARN_RANGE_LOOP_ANALYSIS = YES;
				CLANG_WARN_STRICT_PROTOTYPES = YES;
				CLANG_WARN_SUSPICIOUS_MOVE = YES;
				CLANG_WARN_UNGUARDED_AVAILABILITY = YES_AGGRESSIVE;
				CLANG_WARN_UNREACHABLE_CODE = YES;
				CLANG_WARN__DUPLICATE_METHOD_MATCH = YES;
				CODE_SIGN_IDENTITY = "iPhone Developer";
				COPY_PHASE_STRIP = NO;
				DEBUG_INFORMATION_FORMAT = "dwarf-with-dsym";
				ENABLE_NS_ASSERTIONS = NO;
				ENABLE_STRICT_OBJC_MSGSEND = YES;
				GCC_C_LANGUAGE_STANDARD = gnu11;
				GCC_NO_COMMON_BLOCKS = YES;
				GCC_WARN_64_TO_32_BIT_CONVERSION = YES;
				GCC_WARN_ABOUT_RETURN_TYPE = YES_ERROR;
				GCC_WARN_UNDECLARED_SELECTOR = YES;
				GCC_WARN_UNINITIALIZED_AUTOS = YES_AGGRESSIVE;
				GCC_WARN_UNUSED_FUNCTION = YES;
				GCC_WARN_UNUSED_VARIABLE = YES;
				IPHONEOS_DEPLOYMENT_TARGET = 11.1;
				MTL_ENABLE_DEBUG_INFO = NO;
				SDKROOT = iphoneos;
				SWIFT_OPTIMIZATION_LEVEL = "-Owholemodule";
				VALIDATE_PRODUCT = YES;
			};
			name = Release;
		};
		CDFCF3FB1FE4814000E53179 /* Debug */ = {
			isa = XCBuildConfiguration;
			buildSettings = {
				ASSETCATALOG_COMPILER_APPICON_NAME = AppIcon;
				CODE_SIGN_STYLE = Automatic;
				INFOPLIST_FILE = DetectFood/Info.plist;
				LD_RUNPATH_SEARCH_PATHS = "$(inherited) @executable_path/Frameworks";
				PRODUCT_BUNDLE_IDENTIFIER = com.javierlcalderonm.DetectFood;
				PRODUCT_NAME = "$(TARGET_NAME)";
				SWIFT_VERSION = 4.0;
				TARGETED_DEVICE_FAMILY = "1,2";
			};
			name = Debug;
		};
		CDFCF3FC1FE4814000E53179 /* Release */ = {
			isa = XCBuildConfiguration;
			buildSettings = {
				ASSETCATALOG_COMPILER_APPICON_NAME = AppIcon;
				CODE_SIGN_STYLE = Automatic;
				INFOPLIST_FILE = DetectFood/Info.plist;
				LD_RUNPATH_SEARCH_PATHS = "$(inherited) @executable_path/Frameworks";
				PRODUCT_BUNDLE_IDENTIFIER = com.javierlcalderonm.DetectFood;
				PRODUCT_NAME = "$(TARGET_NAME)";
				SWIFT_VERSION = 4.0;
				TARGETED_DEVICE_FAMILY = "1,2";
			};
			name = Release;
		};
/* End XCBuildConfiguration section */

/* Begin XCConfigurationList section */
		CDFCF3E31FE4813F00E53179 /* Build configuration list for PBXProject "DetectFood" */ = {
			isa = XCConfigurationList;
			buildConfigurations = (
				CDFCF3F81FE4814000E53179 /* Debug */,
				CDFCF3F91FE4814000E53179 /* Release */,
			);
			defaultConfigurationIsVisible = 0;
			defaultConfigurationName = Release;
		};
		CDFCF3FA1FE4814000E53179 /* Build configuration list for PBXNativeTarget "DetectFood" */ = {
			isa = XCConfigurationList;
			buildConfigurations = (
				CDFCF3FB1FE4814000E53179 /* Debug */,
				CDFCF3FC1FE4814000E53179 /* Release */,
			);
			defaultConfigurationIsVisible = 0;
			defaultConfigurationName = Release;
		};
/* End XCConfigurationList section */
	};
	rootObject = CDFCF3E01FE4813F00E53179 /* Project object */;
}
